
Microsoft Visual Studio Solution File, Format Version 12.00
# Visual Studio Version 17
VisualStudioVersion = 17.4.33122.133
MinimumVisualStudioVersion = 10.0.40219.1
Project("{9A19103F-16F7-4668-BE54-9A1E7A4F7556}") = "MovieProject.Server", "MovieProject\Server\MovieProject.Server.csproj", "{3656AA85-91BE-43E6-952B-9903DB020DD2}"
EndProject
Project("{9A19103F-16F7-4668-BE54-9A1E7A4F7556}") = "MovieProject.Client", "MovieProject\Client\MovieProject.Client.csproj", "{0E36DEB1-0FB1-41FD-B0B5-73A8BBCA05A4}"
EndProject
Project("{9A19103F-16F7-4668-BE54-9A1E7A4F7556}") = "MovieProject.Shared", "MovieProject\Shared\MovieProject.Shared.csproj", "{09D8806C-D426-439D-A129-5AE1653B84CA}"
EndProject
Global
	GlobalSection(SolutionConfigurationPlatforms) = preSolution
		Debug|Any CPU = Debug|Any CPU
		Release|Any CPU = Release|Any CPU
	EndGlobalSection
	GlobalSection(ProjectConfigurationPlatforms) = postSolution
		{3656AA85-91BE-43E6-952B-9903DB020DD2}.Debug|Any CPU.ActiveCfg = Debug|Any CPU
		{3656AA85-91BE-43E6-952B-9903DB020DD2}.Debug|Any CPU.Build.0 = Debug|Any CPU
		{3656AA85-91BE-43E6-952B-9903DB020DD2}.Release|Any CPU.ActiveCfg = Release|Any CPU
		{3656AA85-91BE-43E6-952B-9903DB020DD2}.Release|Any CPU.Build.0 = Release|Any CPU
		{0E36DEB1-0FB1-41FD-B0B5-73A8BBCA05A4}.Debug|Any CPU.ActiveCfg = Debug|Any CPU
		{0E36DEB1-0FB1-41FD-B0B5-73A8BBCA05A4}.Debug|Any CPU.Build.0 = Debug|Any CPU
		{0E36DEB1-0FB1-41FD-B0B5-73A8BBCA05A4}.Release|Any CPU.ActiveCfg = Release|Any CPU
		{0E36DEB1-0FB1-41FD-B0B5-73A8BBCA05A4}.Release|Any CPU.Build.0 = Release|Any CPU
		{09D8806C-D426-439D-A129-5AE1653B84CA}.Debug|Any CPU.ActiveCfg = Debug|Any CPU
		{09D8806C-D426-439D-A129-5AE1653B84CA}.Debug|Any CPU.Build.0 = Debug|Any CPU
		{09D8806C-D426-439D-A129-5AE1653B84CA}.Release|Any CPU.ActiveCfg = Release|Any CPU
		{09D8806C-D426-439D-A129-5AE1653B84CA}.Release|Any CPU.Build.0 = Release|Any CPU
	EndGlobalSection
	GlobalSection(SolutionProperties) = preSolution
		HideSolutionNode = FALSE
	EndGlobalSection
	GlobalSection(ExtensibilityGlobals) = postSolution
		SolutionGuid = {7A299E4F-231D-4EE3-A2B1-EE207BC24500}
	EndGlobalSection
EndGlobal
